version = 1
revision = 1
requires-python = ">=3.13"

[[package]]
name = "dotslash-python"
version = "0.1.0"
source = { virtual = "." }

[package.dev-dependencies]
dev = [
    { name = "pyrefly" },
]

[package.metadata]

[package.metadata.requires-dev]
dev = [{ name = "pyrefly", specifier = ">=0.11.0" }]

[[package]]
name = "pyrefly"
version = "0.11.0"
source = { registry = "https://pypi.org/simple" }
sdist = { url = "https://files.pythonhosted.org/packages/3b/6f/d6c757d4a8af14cb4b570efe39735d6d79040a89b5a6ee351230934e1156/pyrefly-0.11.0.tar.gz", hash = "sha256:baa515d5522188e43edfb5504b3647f2d1f6d62d37438b3e9839d792632e9752", size = 861011 }
wheels = [
    { url = "https://files.pythonhosted.org/packages/3c/9a/66fc8ab35aa8d44767b57ae6b386233da20345d2a4165c4e12b1e0add71b/pyrefly-0.11.0-py3-none-macosx_10_12_x86_64.whl", hash = "sha256:41640b1163cad01bbee77b27d4dbe9c3c1e216450e21bb013ba6506001dbe612", size = 5292250 },
    { url = "https://files.pythonhosted.org/packages/f4/51/ef034644aed5c2026106fc5bf741fc9c9dd4fdfb68819998879ce2ed5184/pyrefly-0.11.0-py3-none-macosx_11_0_arm64.whl", hash = "sha256:2fadd8517e589d18766b3f78099117db7ea53086a6acb4745e05433e303eae22", size = 5004285 },
    { url = "https://files.pythonhosted.org/packages/12/18/fedcd1ac84af2470dbcac003474b6c9bb3168d706cab60db2bdc8bb5c816/pyrefly-0.11.0-py3-none-manylinux_2_17_i686.manylinux2014_i686.whl", hash = "sha256:4a91bca34441fbbfc2c80eb45d50aa375a5629a075b4cad79f517599e4432bae", size = 5772651 },
    { url = "https://files.pythonhosted.org/packages/68/7d/a7ee62f430d438edd9731db8b2c0d93116038a81614fd352a8f8193b1853/pyrefly-0.11.0-py3-none-manylinux_2_17_x86_64.manylinux2014_x86_64.whl", hash = "sha256:51cfc6edb289d9a596d21efc071d4f889298736dbbab40b252e5ea9a87f2b9fe", size = 5460723 },
    { url = "https://files.pythonhosted.org/packages/1c/c8/4a6c97667f270f6de24462c4585b3aec29e76fee9dad4f8c577653e6ecb4/pyrefly-0.11.0-py3-none-win32.whl", hash = "sha256:e9c5c9b7c9d6109d51335f7f23cb7b4132f2f9706e3a58f0bd65d6cb244d943e", size = 4971094 },
    { url = "https://files.pythonhosted.org/packages/54/72/50110131e70d86c99922c70d3fa6a74070c72a7126e5a61d6b2fc3ede1cb/pyrefly-0.11.0-py3-none-win_amd64.whl", hash = "sha256:e7df369a27c5599e7cf8e09b9b9ca674906a19e8d6e34f5752ec81e3e5262bc6", size = 5358975 },
    { url = "https://files.pythonhosted.org/packages/8a/19/bbbf459fd6ee172c4c46251a9a17d75ce38320e4fd15da6fdb115885cee1/pyrefly-0.11.0-py3-none-win_arm64.whl", hash = "sha256:140c0789d2ab5d48f9c4a31ce84ec32c156f2c8e25706f09ee967f141624868e", size = 5123205 },
]
