version = 1
revision = 1
requires-python = ">=3.13"

[[package]]
name = "dotslash-python"
version = "0.1.0"
source = { virtual = "." }

[package.dev-dependencies]
dev = [
    { name = "pyrefly" },
]

[package.metadata]

[package.metadata.requires-dev]
dev = [{ name = "pyrefly", specifier = ">=0.12.1" }]

[[package]]
name = "pyrefly"
version = "0.12.1"
source = { registry = "https://pypi.org/simple" }
sdist = { url = "https://files.pythonhosted.org/packages/ff/1e/0dfd61ddafa294871f5ba192135d6dfd6b3d460f1876dd06ffa7ad5db2cf/pyrefly-0.12.1.tar.gz", hash = "sha256:c95905ccbbb5ee2351f93935cab3370906bca3f2e2eef24e52c5ab6485e55a7f", size = 893239 }
wheels = [
    { url = "https://files.pythonhosted.org/packages/d3/75/ac5a73c85904c1fb07eef41bafabe84d3b61e223a0e9d31432423ab62e54/pyrefly-0.12.1-py3-none-macosx_10_12_x86_64.whl", hash = "sha256:c5a00b0ffc71e7fa5019a0f3e100c03c3888b0554172e3f4b71847339f145d22", size = 5655551 },
    { url = "https://files.pythonhosted.org/packages/c4/3c/18f1ca1ad77c95c958aebb49b5a0912c40c573131b1afe86ab081c51cdcb/pyrefly-0.12.1-py3-none-macosx_11_0_arm64.whl", hash = "sha256:5dc42328136de73b916b6d4063de60167dbb36109afd8eebe046df1317bf2346", size = 5347119 },
    { url = "https://files.pythonhosted.org/packages/da/b4/9959c571fbc70a594d99022fa64c4e226f334b873ebd987dbf5d659f071c/pyrefly-0.12.1-py3-none-manylinux_2_17_i686.manylinux2014_i686.whl", hash = "sha256:59da5431c07c0566e9ad49bc8a4263f30ed0fa2c11e14a1fe9dce35dd960026d", size = 6176787 },
    { url = "https://files.pythonhosted.org/packages/c4/f8/5030425f40b2fbff3c4f2fb809aa6e7a6fe5749e0e54d377e92b031e8409/pyrefly-0.12.1-py3-none-manylinux_2_17_x86_64.manylinux2014_x86_64.whl", hash = "sha256:2d5e41d96915b5924cd05fc6c2e8c34df5073ca2592cf250c7ffcb0836aae1de", size = 5845707 },
    { url = "https://files.pythonhosted.org/packages/8a/03/a4052aaf824e7dd34351773627b0a2c34f41923e392b9a2c373cc766221d/pyrefly-0.12.1-py3-none-win32.whl", hash = "sha256:7a56c28c16567afa76375d57686d69edc351e4ed553fd6810c91d73f79061071", size = 5349484 },
    { url = "https://files.pythonhosted.org/packages/a4/21/0c944e886ac83500c2bc65c3682bf653a64e291ca58ee2f8443bf4cf72e6/pyrefly-0.12.1-py3-none-win_amd64.whl", hash = "sha256:db6dc2809f02014dd24268a03924bbe16f46b6c728b5dc2f8079e33d9189ed6f", size = 5756116 },
    { url = "https://files.pythonhosted.org/packages/00/25/abd42a3abb90220263367db1ba9765b9f35bc03c380a44fcdae5b284cb4b/pyrefly-0.12.1-py3-none-win_arm64.whl", hash = "sha256:719e583a4c95ff5583282c0af928d6100641e2a5fa2e9a903cf979e140c1b980", size = 5470900 },
]
